
Microsoft Visual Studio Solution File, Format Version 12.00
# Visual Studio Version 17
VisualStudioVersion = 17.9.34622.214
MinimumVisualStudioVersion = 10.0.40219.1
Project("{FAE04EC0-301F-11D3-BF4B-00C04F79EFBC}") = "Lab5", "Lab5.csproj", "{4FC2652B-6E97-406B-9838-853E5E329207}"
EndProject
Global
	GlobalSection(SolutionConfigurationPlatforms) = preSolution
		Debug|Any CPU = Debug|Any CPU
		Release|Any CPU = Release|Any CPU
	EndGlobalSection
	GlobalSection(ProjectConfigurationPlatforms) = postSolution
		{4FC2652B-6E97-406B-9838-853E5E329207}.Debug|Any CPU.ActiveCfg = Debug|Any CPU
		{4FC2652B-6E97-406B-9838-853E5E329207}.Debug|Any CPU.Build.0 = Debug|Any CPU
		{4FC2652B-6E97-406B-9838-853E5E329207}.Release|Any CPU.ActiveCfg = Release|Any CPU
		{4FC2652B-6E97-406B-9838-853E5E329207}.Release|Any CPU.Build.0 = Release|Any CPU
	EndGlobalSection
	GlobalSection(SolutionProperties) = preSolution
		HideSolutionNode = FALSE
	EndGlobalSection
	GlobalSection(ExtensibilityGlobals) = postSolution
		SolutionGuid = {AC86CECF-71EC-4DDB-BDC6-0CF87E31A7C9}
	EndGlobalSection
EndGlobal
